// !$*UTF8*$!
{
	archiveVersion = 1;
	classes = {
	};
	objectVersion = 46;
	objects = {

/* Begin PBXBuildFile section */
		62E1F4B01D8C4E400010389A /* main.m in Sources */ = {isa = PBXBuildFile; fileRef = 62E1F4AF1D8C4E400010389A /* main.m */; };
		62E1F4BC1D8C51090010389A /* Persona.m in Sources */ = {isa = PBXBuildFile; fileRef = 62E1F4BB1D8C51090010389A /* Persona.m */; };
		62E1F4BF1D8C513A0010389A /* Direccion.m in Sources */ = {isa = PBXBuildFile; fileRef = 62E1F4BE1D8C513A0010389A /* Direccion.m */; };
		62E1F4C21D8C536D0010389A /* Bombero.m in Sources */ = {isa = PBXBuildFile; fileRef = 62E1F4C11D8C536D0010389A /* Bombero.m */; };
		62E1F4C51D8C53C00010389A /* Profesor.m in Sources */ = {isa = PBXBuildFile; fileRef = 62E1F4C41D8C53C00010389A /* Profesor.m */; };
/* End PBXBuildFile section */

/* Begin PBXCopyFilesBuildPhase section */
		62E1F4AA1D8C4E400010389A /* CopyFiles */ = {
			isa = PBXCopyFilesBuildPhase;
			buildActionMask = 2147483647;
			dstPath = /usr/share/man/man1/;
			dstSubfolderSpec = 0;
			files = (
			);
			runOnlyForDeploymentPostprocessing = 1;
		};
/* End PBXCopyFilesBuildPhase section */

/* Begin PBXFileReference section */
		62E1F4AC1D8C4E400010389A /* Ejercicio 2 */ = {isa = PBXFileReference; explicitFileType = "compiled.mach-o.executable"; includeInIndex = 0; path = "Ejercicio 2"; sourceTree = BUILT_PRODUCTS_DIR; };
		62E1F4AF1D8C4E400010389A /* main.m */ = {isa = PBXFileReference; lastKnownFileType = sourcecode.c.objc; path = main.m; sourceTree = "<group>"; };
		62E1F4BA1D8C51090010389A /* Persona.h */ = {isa = PBXFileReference; fileEncoding = 4; lastKnownFileType = sourcecode.c.h; path = Persona.h; sourceTree = "<group>"; };
		62E1F4BB1D8C51090010389A /* Persona.m */ = {isa = PBXFileReference; fileEncoding = 4; lastKnownFileType = sourcecode.c.objc; path = Persona.m; sourceTree = "<group>"; };
		62E1F4BD1D8C513A0010389A /* Direccion.h */ = {isa = PBXFileReference; fileEncoding = 4; lastKnownFileType = sourcecode.c.h; path = Direccion.h; sourceTree = "<group>"; };
		62E1F4BE1D8C513A0010389A /* Direccion.m */ = {isa = PBXFileReference; fileEncoding = 4; lastKnownFileType = sourcecode.c.objc; path = Direccion.m; sourceTree = "<group>"; };
		62E1F4C01D8C536D0010389A /* Bombero.h */ = {isa = PBXFileReference; fileEncoding = 4; lastKnownFileType = sourcecode.c.h; path = Bombero.h; sourceTree = "<group>"; };
		62E1F4C11D8C536D0010389A /* Bombero.m */ = {isa = PBXFileReference; fileEncoding = 4; lastKnownFileType = sourcecode.c.objc; path = Bombero.m; sourceTree = "<group>"; };
		62E1F4C31D8C53C00010389A /* Profesor.h */ = {isa = PBXFileReference; fileEncoding = 4; lastKnownFileType = sourcecode.c.h; path = Profesor.h; sourceTree = "<group>"; };
		62E1F4C41D8C53C00010389A /* Profesor.m */ = {isa = PBXFileReference; fileEncoding = 4; lastKnownFileType = sourcecode.c.objc; path = Profesor.m; sourceTree = "<group>"; };
/* End PBXFileReference section */

/* Begin PBXFrameworksBuildPhase section */
		62E1F4A91D8C4E400010389A /* Frameworks */ = {
			isa = PBXFrameworksBuildPhase;
			buildActionMask = 2147483647;
			files = (
			);
			runOnlyForDeploymentPostprocessing = 0;
		};
/* End PBXFrameworksBuildPhase section */

/* Begin PBXGroup section */
		62E1F4A31D8C4E400010389A = {
			isa = PBXGroup;
			children = (
				62E1F4AE1D8C4E400010389A /* Ejercicio 2 */,
				62E1F4AD1D8C4E400010389A /* Products */,
			);
			sourceTree = "<group>";
		};
		62E1F4AD1D8C4E400010389A /* Products */ = {
			isa = PBXGroup;
			children = (
				62E1F4AC1D8C4E400010389A /* Ejercicio 2 */,
			);
			name = Products;
			sourceTree = "<group>";
		};
		62E1F4AE1D8C4E400010389A /* Ejercicio 2 */ = {
			isa = PBXGroup;
			children = (
				62E1F4AF1D8C4E400010389A /* main.m */,
				62E1F4BA1D8C51090010389A /* Persona.h */,
				62E1F4BB1D8C51090010389A /* Persona.m */,
				62E1F4BD1D8C513A0010389A /* Direccion.h */,
				62E1F4BE1D8C513A0010389A /* Direccion.m */,
				62E1F4C01D8C536D0010389A /* Bombero.h */,
				62E1F4C11D8C536D0010389A /* Bombero.m */,
				62E1F4C31D8C53C00010389A /* Profesor.h */,
				62E1F4C41D8C53C00010389A /* Profesor.m */,
			);
			path = "Ejercicio 2";
			sourceTree = "<group>";
		};
/* End PBXGroup section */

/* Begin PBXNativeTarget section */
		62E1F4AB1D8C4E400010389A /* Ejercicio 2 */ = {
			isa = PBXNativeTarget;
			buildConfigurationList = 62E1F4B31D8C4E400010389A /* Build configuration list for PBXNativeTarget "Ejercicio 2" */;
			buildPhases = (
				62E1F4A81D8C4E400010389A /* Sources */,
				62E1F4A91D8C4E400010389A /* Frameworks */,
				62E1F4AA1D8C4E400010389A /* CopyFiles */,
			);
			buildRules = (
			);
			dependencies = (
			);
			name = "Ejercicio 2";
			productName = "Ejercicio 2";
			productReference = 62E1F4AC1D8C4E400010389A /* Ejercicio 2 */;
			productType = "com.apple.product-type.tool";
		};
/* End PBXNativeTarget section */

/* Begin PBXProject section */
		62E1F4A41D8C4E400010389A /* Project object */ = {
			isa = PBXProject;
			attributes = {
				LastUpgradeCheck = 0630;
				ORGANIZATIONNAME = "Isaac Mac";
				TargetAttributes = {
					62E1F4AB1D8C4E400010389A = {
						CreatedOnToolsVersion = 6.3.2;
					};
				};
			};
			buildConfigurationList = 62E1F4A71D8C4E400010389A /* Build configuration list for PBXProject "Ejercicio 2" */;
			compatibilityVersion = "Xcode 3.2";
			developmentRegion = English;
			hasScannedForEncodings = 0;
			knownRegions = (
				en,
			);
			mainGroup = 62E1F4A31D8C4E400010389A;
			productRefGroup = 62E1F4AD1D8C4E400010389A /* Products */;
			projectDirPath = "";
			projectRoot = "";
			targets = (
				62E1F4AB1D8C4E400010389A /* Ejercicio 2 */,
			);
		};
/* End PBXProject section */

/* Begin PBXSourcesBuildPhase section */
		62E1F4A81D8C4E400010389A /* Sources */ = {
			isa = PBXSourcesBuildPhase;
			buildActionMask = 2147483647;
			files = (
				62E1F4C51D8C53C00010389A /* Profesor.m in Sources */,
				62E1F4BF1D8C513A0010389A /* Direccion.m in Sources */,
				62E1F4BC1D8C51090010389A /* Persona.m in Sources */,
				62E1F4C21D8C536D0010389A /* Bombero.m in Sources */,
				62E1F4B01D8C4E400010389A /* main.m in Sources */,
			);
			runOnlyForDeploymentPostprocessing = 0;
		};
/* End PBXSourcesBuildPhase section */

/* Begin XCBuildConfiguration section */
		62E1F4B11D8C4E400010389A /* Debug */ = {
			isa = XCBuildConfiguration;
			buildSettings = {
				ALWAYS_SEARCH_USER_PATHS = NO;
				CLANG_CXX_LANGUAGE_STANDARD = "gnu++0x";
				CLANG_CXX_LIBRARY = "libc++";
				CLANG_ENABLE_MODULES = YES;
				CLANG_ENABLE_OBJC_ARC = YES;
				CLANG_WARN_BOOL_CONVERSION = YES;
				CLANG_WARN_CONSTANT_CONVERSION = YES;
				CLANG_WARN_DIRECT_OBJC_ISA_USAGE = YES_ERROR;
				CLANG_WARN_EMPTY_BODY = YES;
				CLANG_WARN_ENUM_CONVERSION = YES;
				CLANG_WARN_INT_CONVERSION = YES;
				CLANG_WARN_OBJC_ROOT_CLASS = YES_ERROR;
				CLANG_WARN_UNREACHABLE_CODE = YES;
				CLANG_WARN__DUPLICATE_METHOD_MATCH = YES;
				COPY_PHASE_STRIP = NO;
				DEBUG_INFORMATION_FORMAT = dwarf;
				ENABLE_STRICT_OBJC_MSGSEND = YES;
				GCC_C_LANGUAGE_STANDARD = gnu99;
				GCC_DYNAMIC_NO_PIC = NO;
				GCC_NO_COMMON_BLOCKS = YES;
				GCC_OPTIMIZATION_LEVEL = 0;
				GCC_PREPROCESSOR_DEFINITIONS = (
					"DEBUG=1",
					"$(inherited)",
				);
				GCC_SYMBOLS_PRIVATE_EXTERN = NO;
				GCC_WARN_64_TO_32_BIT_CONVERSION = YES;
				GCC_WARN_ABOUT_RETURN_TYPE = YES_ERROR;
				GCC_WARN_UNDECLARED_SELECTOR = YES;
				GCC_WARN_UNINITIALIZED_AUTOS = YES_AGGRESSIVE;
				GCC_WARN_UNUSED_FUNCTION = YES;
				GCC_WARN_UNUSED_VARIABLE = YES;
				MACOSX_DEPLOYMENT_TARGET = 10.10;
				MTL_ENABLE_DEBUG_INFO = YES;
				ONLY_ACTIVE_ARCH = YES;
				SDKROOT = macosx;
			};
			name = Debug;
		};
		62E1F4B21D8C4E400010389A /* Release */ = {
			isa = XCBuildConfiguration;
			buildSettings = {
				ALWAYS_SEARCH_USER_PATHS = NO;
				CLANG_CXX_LANGUAGE_STANDARD = "gnu++0x";
				CLANG_CXX_LIBRARY = "libc++";
				CLANG_ENABLE_MODULES = YES;
				CLANG_ENABLE_OBJC_ARC = YES;
				CLANG_WARN_BOOL_CONVERSION = YES;
				CLANG_WARN_CONSTANT_CONVERSION = YES;
				CLANG_WARN_DIRECT_OBJC_ISA_USAGE = YES_ERROR;
				CLANG_WARN_EMPTY_BODY = YES;
				CLANG_WARN_ENUM_CONVERSION = YES;
				CLANG_WARN_INT_CONVERSION = YES;
				CLANG_WARN_OBJC_ROOT_CLASS = YES_ERROR;
				CLANG_WARN_UNREACHABLE_CODE = YES;
				CLANG_WARN__DUPLICATE_METHOD_MATCH = YES;
				COPY_PHASE_STRIP = NO;
				DEBUG_INFORMATION_FORMAT = "dwarf-with-dsym";
				ENABLE_NS_ASSERTIONS = NO;
				ENABLE_STRICT_OBJC_MSGSEND = YES;
				GCC_C_LANGUAGE_STANDARD = gnu99;
				GCC_NO_COMMON_BLOCKS = YES;
				GCC_WARN_64_TO_32_BIT_CONVERSION = YES;
				GCC_WARN_ABOUT_RETURN_TYPE = YES_ERROR;
				GCC_WARN_UNDECLARED_SELECTOR = YES;
				GCC_WARN_UNINITIALIZED_AUTOS = YES_AGGRESSIVE;
				GCC_WARN_UNUSED_FUNCTION = YES;
				GCC_WARN_UNUSED_VARIABLE = YES;
				MACOSX_DEPLOYMENT_TARGET = 10.10;
				MTL_ENABLE_DEBUG_INFO = NO;
				SDKROOT = macosx;
			};
			name = Release;
		};
		62E1F4B41D8C4E400010389A /* Debug */ = {
			isa = XCBuildConfiguration;
			buildSettings = {
				PRODUCT_NAME = "$(TARGET_NAME)";
			};
			name = Debug;
		};
		62E1F4B51D8C4E400010389A /* Release */ = {
			isa = XCBuildConfiguration;
			buildSettings = {
				PRODUCT_NAME = "$(TARGET_NAME)";
			};
			name = Release;
		};
/* End XCBuildConfiguration section */

/* Begin XCConfigurationList section */
		62E1F4A71D8C4E400010389A /* Build configuration list for PBXProject "Ejercicio 2" */ = {
			isa = XCConfigurationList;
			buildConfigurations = (
				62E1F4B11D8C4E400010389A /* Debug */,
				62E1F4B21D8C4E400010389A /* Release */,
			);
			defaultConfigurationIsVisible = 0;
			defaultConfigurationName = Release;
		};
		62E1F4B31D8C4E400010389A /* Build configuration list for PBXNativeTarget "Ejercicio 2" */ = {
			isa = XCConfigurationList;
			buildConfigurations = (
				62E1F4B41D8C4E400010389A /* Debug */,
				62E1F4B51D8C4E400010389A /* Release */,
			);
			defaultConfigurationIsVisible = 0;
		};
/* End XCConfigurationList section */
	};
	rootObject = 62E1F4A41D8C4E400010389A /* Project object */;
}
